
Microsoft Visual Studio Solution File, Format Version 12.00
# Visual Studio 14
VisualStudioVersion = 14.0.25420.1
MinimumVisualStudioVersion = 10.0.40219.1
Project("{FAE04EC0-301F-11D3-BF4B-00C04F79EFBC}") = "NaukaNauka4", "NaukaNauka4\NaukaNauka4.csproj", "{77BE9D87-0102-49F3-B2FB-D62211E1C93E}"
EndProject
Project("{FAE04EC0-301F-11D3-BF4B-00C04F79EFBC}") = "Calculator", "Calculator\Calculator.csproj", "{6EF34911-F384-4F91-80E7-34C47274353F}"
EndProject
Global
	GlobalSection(SolutionConfigurationPlatforms) = preSolution
		Debug|Any CPU = Debug|Any CPU
		Release|Any CPU = Release|Any CPU
	EndGlobalSection
	GlobalSection(ProjectConfigurationPlatforms) = postSolution
		{77BE9D87-0102-49F3-B2FB-D62211E1C93E}.Debug|Any CPU.ActiveCfg = Debug|Any CPU
		{77BE9D87-0102-49F3-B2FB-D62211E1C93E}.Debug|Any CPU.Build.0 = Debug|Any CPU
		{77BE9D87-0102-49F3-B2FB-D62211E1C93E}.Release|Any CPU.ActiveCfg = Release|Any CPU
		{77BE9D87-0102-49F3-B2FB-D62211E1C93E}.Release|Any CPU.Build.0 = Release|Any CPU
		{6EF34911-F384-4F91-80E7-34C47274353F}.Debug|Any CPU.ActiveCfg = Debug|Any CPU
		{6EF34911-F384-4F91-80E7-34C47274353F}.Debug|Any CPU.Build.0 = Debug|Any CPU
		{6EF34911-F384-4F91-80E7-34C47274353F}.Release|Any CPU.ActiveCfg = Release|Any CPU
		{6EF34911-F384-4F91-80E7-34C47274353F}.Release|Any CPU.Build.0 = Release|Any CPU
	EndGlobalSection
	GlobalSection(SolutionProperties) = preSolution
		HideSolutionNode = FALSE
	EndGlobalSection
EndGlobal
